{
  "name": "front-end-project",
  "lockfileVersion": 2,
  "requires": true,
  "packages": {
    "": {
      "dependencies": {
        "lottie-web": "^5.7.6",
        "nanogallery2": "^3.0.5"
      }
    },
    "node_modules/jquery": {
      "version": "3.5.1",
      "resolved": "https://registry.npmjs.org/jquery/-/jquery-3.5.1.tgz",
      "integrity": "sha512-XwIBPqcMn57FxfT+Go5pzySnm4KWkT1Tv7gjrpT1srtf8Weynl6R273VJ5GjkRb51IzMp5nbaPjJXMWeju2MKg=="
    },
    "node_modules/lottie-web": {
      "version": "5.7.6",
      "resolved": "https://registry.npmjs.org/lottie-web/-/lottie-web-5.7.6.tgz",
      "integrity": "sha512-qn/KYMI4QQvFDhtoxs0RPkn9uZKhDB9keE5BKgbJlSRfNEZpRiDlwBE9ibYz4nPhbyE+NUlt8IRIVR7g5OSX3w=="
    },
    "node_modules/nanogallery2": {
      "version": "3.0.5",
      "resolved": "https://registry.npmjs.org/nanogallery2/-/nanogallery2-3.0.5.tgz",
      "integrity": "sha512-Oa5EecMzUQGuRuh6LTc+xKBy5K+1WHXKA0o5PbqGm25rkuswtnE/QtN4RmTLBGSk5eYOTzWdkmm6RDH8+90vEg==",
      "dependencies": {
        "jquery": ">=1.12.4"
      }
    }
  },
  "dependencies": {
    "jquery": {
      "version": "3.5.1",
      "resolved": "https://registry.npmjs.org/jquery/-/jquery-3.5.1.tgz",
      "integrity": "sha512-XwIBPqcMn57FxfT+Go5pzySnm4KWkT1Tv7gjrpT1srtf8Weynl6R273VJ5GjkRb51IzMp5nbaPjJXMWeju2MKg=="
    },
    "lottie-web": {
      "version": "5.7.6",
      "resolved": "https://registry.npmjs.org/lottie-web/-/lottie-web-5.7.6.tgz",
      "integrity": "sha512-qn/KYMI4QQvFDhtoxs0RPkn9uZKhDB9keE5BKgbJlSRfNEZpRiDlwBE9ibYz4nPhbyE+NUlt8IRIVR7g5OSX3w=="
    },
    "nanogallery2": {
      "version": "3.0.5",
      "resolved": "https://registry.npmjs.org/nanogallery2/-/nanogallery2-3.0.5.tgz",
      "integrity": "sha512-Oa5EecMzUQGuRuh6LTc+xKBy5K+1WHXKA0o5PbqGm25rkuswtnE/QtN4RmTLBGSk5eYOTzWdkmm6RDH8+90vEg==",
      "requires": {
        "jquery": ">=1.12.4"
      }
    }
  }
}
